
Microsoft Visual Studio Solution File, Format Version 12.00
# Visual Studio Version 17
VisualStudioVersion = 17.9.34728.123
MinimumVisualStudioVersion = 10.0.40219.1
Project("{FAE04EC0-301F-11D3-BF4B-00C04F79EFBC}") = "EtutTest", "EtutTest\EtutTest.csproj", "{A1BBAB16-1E36-4B6A-A41E-B8AC3C91F90B}"
EndProject
Global
	GlobalSection(SolutionConfigurationPlatforms) = preSolution
		Debug|Any CPU = Debug|Any CPU
		Release|Any CPU = Release|Any CPU
	EndGlobalSection
	GlobalSection(ProjectConfigurationPlatforms) = postSolution
		{A1BBAB16-1E36-4B6A-A41E-B8AC3C91F90B}.Debug|Any CPU.ActiveCfg = Debug|Any CPU
		{A1BBAB16-1E36-4B6A-A41E-B8AC3C91F90B}.Debug|Any CPU.Build.0 = Debug|Any CPU
		{A1BBAB16-1E36-4B6A-A41E-B8AC3C91F90B}.Release|Any CPU.ActiveCfg = Release|Any CPU
		{A1BBAB16-1E36-4B6A-A41E-B8AC3C91F90B}.Release|Any CPU.Build.0 = Release|Any CPU
	EndGlobalSection
	GlobalSection(SolutionProperties) = preSolution
		HideSolutionNode = FALSE
	EndGlobalSection
	GlobalSection(ExtensibilityGlobals) = postSolution
		SolutionGuid = {670AC757-4D66-45FB-9645-75E2EBB2571D}
	EndGlobalSection
EndGlobal
